# This file is autogenerated, do not edit; changes may be undone by the next 'dep ensure'.


[[projects]]
  digest = "1:56e163af366dde541036330e849e5c3885c881a5c2d34cdda4de2813a5849e15"
  name = "github.com/Shopify/ejson"
  packages = [
    ".",
    "crypto",
    "json",
  ]
  pruneopts = "UT"
  revision = "0cc33e3391c6feeb146327d76d307566e144f21d"
  version = "v1.2.1"

[[projects]]
  digest = "1:553f73a4171c265045ae4f5d3122429ecf2c9c0c232c91f336127fe45480104a"
  name = "github.com/cenkalti/backoff"
  packages = ["."]
  pruneopts = "UT"
  revision = "62661b46c4093e2c1f38d943e663db1a29873e80"
  version = "v2.1.0"

[[projects]]
  branch = "master"
  digest = "1:4df66ab104e315cae30e5630f4563bf7b46661f8efea9a0bc4ff2edde4dfaab0"
  name = "github.com/dghubble/go-twitter"
  packages = ["twitter"]
  pruneopts = "UT"
  revision = "7ecc41c771b6fe11669159da651b6adf06ee60bf"

[[projects]]
  digest = "1:f3cacf5fd0e718de3f43af615e84372b318f61889140f6854f98b05894001d99"
  name = "github.com/dghubble/oauth1"
  packages = ["."]
  pruneopts = "UT"
  revision = "f0fe2bff8fbf301b33359ca431e4afc90390aab0"
  version = "v0.5.0"

[[projects]]
  digest = "1:fba61d8584058169c5bd4625196f33077ba937f7131625d4440686c5e4cff380"
  name = "github.com/dghubble/sling"
  packages = ["."]
  pruneopts = "UT"
  revision = "e2624bf29a7de45ab0802b09aea94ca0a7815c5f"
  version = "v1.2.0"

[[projects]]
  branch = "master"
  digest = "1:07263fbfa1c038e890b410f730279aa7adc217180f1c2f78c6dc80b3bbe9e819"
  name = "github.com/dustin/gojson"
  packages = ["."]
  pruneopts = "UT"
  revision = "2e71ec9dd5adce3b168cd0dbde03b5cc04951c30"

[[projects]]
  digest = "1:a63cff6b5d8b95638bfe300385d93b2a6d9d687734b863da8e09dc834510a690"
  name = "github.com/google/go-querystring"
  packages = ["query"]
  pruneopts = "UT"
  revision = "44c6ddd0a2342c386950e880b658017258da92fc"
  version = "v1.0.0"

[[projects]]
  digest = "1:e70bcf1be6bd210d6046f3ea9b6e679b870d8d7a91438071f3ca1f3bb26ac5af"
  name = "github.com/wargarblgarbl/libgosubs"
  packages = ["srt"]
  pruneopts = "UT"
  revision = "f890984adfc8212e5218ee588dd6d7d13bf3f319"
  version = "1.0"

[[projects]]
  branch = "master"
  digest = "1:57178fd65de60b4140785fb964300941c66c4ae7fcf110b4fcaca70ce9027976"
  name = "golang.org/x/crypto"
  packages = [
    "curve25519",
    "internal/subtle",
    "nacl/box",
    "nacl/secretbox",
    "poly1305",
    "salsa20/salsa",
  ]
  pruneopts = "UT"
  revision = "505ab145d0a99da450461ae2c1a9f6cd10d1f447"

[solve-meta]
  analyzer-name = "dep"
  analyzer-version = 1
  input-imports = [
    "github.com/Shopify/ejson",
    "github.com/dghubble/go-twitter/twitter",
    "github.com/dghubble/oauth1",
    "github.com/wargarblgarbl/libgosubs/srt",
  ]
  solver-name = "gps-cdcl"
  solver-version = 1
